
Microsoft Visual Studio Solution File, Format Version 12.00
# Visual Studio Version 16
VisualStudioVersion = 16.0.30611.23
MinimumVisualStudioVersion = 10.0.40219.1
Project("{8BC9CEB8-8B4A-11D0-8D11-00A0C91BC942}") = "LOS_NLOS_percentage", "LOS_NLOS_percentage.vcxproj", "{C72FAE87-3AD6-428E-A183-5D1BEA636076}"
EndProject
Global
	GlobalSection(SolutionConfigurationPlatforms) = preSolution
		Debug|x64 = Debug|x64
		Debug|x86 = Debug|x86
		Release|x64 = Release|x64
		Release|x86 = Release|x86
	EndGlobalSection
	GlobalSection(ProjectConfigurationPlatforms) = postSolution
		{C72FAE87-3AD6-428E-A183-5D1BEA636076}.Debug|x64.ActiveCfg = Debug|x64
		{C72FAE87-3AD6-428E-A183-5D1BEA636076}.Debug|x64.Build.0 = Debug|x64
		{C72FAE87-3AD6-428E-A183-5D1BEA636076}.Debug|x86.ActiveCfg = Debug|Win32
		{C72FAE87-3AD6-428E-A183-5D1BEA636076}.Debug|x86.Build.0 = Debug|Win32
		{C72FAE87-3AD6-428E-A183-5D1BEA636076}.Release|x64.ActiveCfg = Release|x64
		{C72FAE87-3AD6-428E-A183-5D1BEA636076}.Release|x64.Build.0 = Release|x64
		{C72FAE87-3AD6-428E-A183-5D1BEA636076}.Release|x86.ActiveCfg = Release|Win32
		{C72FAE87-3AD6-428E-A183-5D1BEA636076}.Release|x86.Build.0 = Release|Win32
	EndGlobalSection
	GlobalSection(SolutionProperties) = preSolution
		HideSolutionNode = FALSE
	EndGlobalSection
	GlobalSection(ExtensibilityGlobals) = postSolution
		SolutionGuid = {65037D9C-B939-4D30-85C0-56B675685C7A}
	EndGlobalSection
EndGlobal
